
Microsoft Visual Studio Solution File, Format Version 12.00
# Visual Studio Version 16
VisualStudioVersion = 16.0.29519.181
MinimumVisualStudioVersion = 10.0.40219.1
Project("{9A19103F-16F7-4668-BE54-9A1E7A4F7556}") = "Front End", "Front End\Front End.csproj", "{871B9AB5-0F61-4157-A879-EA98C964B6E5}"
EndProject
Project("{2150E333-8FDC-42A3-9474-1A3956D46DE8}") = "01. Infrastructure", "01. Infrastructure", "{0CFB2DEB-430E-45B0-ACB7-8FF67538B640}"
EndProject
Project("{2150E333-8FDC-42A3-9474-1A3956D46DE8}") = "02. Data", "02. Data", "{16D95157-B15D-4C68-ADD0-35A7ACCF5A50}"
EndProject
Project("{2150E333-8FDC-42A3-9474-1A3956D46DE8}") = "03. Repo", "03. Repo", "{FD9FA88C-0ADE-4D39-91CB-82830FF361B6}"
EndProject
Project("{2150E333-8FDC-42A3-9474-1A3956D46DE8}") = "04. Business", "04. Business", "{AED99085-9F74-4B01-926F-E82BB15CFBA6}"
EndProject
Project("{2150E333-8FDC-42A3-9474-1A3956D46DE8}") = "05. Web", "05. Web", "{6E88F2D0-4491-49CD-BD17-B4DA7F8225AC}"
EndProject
Project("{2150E333-8FDC-42A3-9474-1A3956D46DE8}") = "06. ModelBuilder", "06. ModelBuilder", "{654819F6-C292-4F59-AF6D-307C7AA17D16}"
EndProject
Project("{2150E333-8FDC-42A3-9474-1A3956D46DE8}") = "07. Models", "07. Models", "{DF6DF365-76B2-4D59-9A42-0B9C3446B871}"
EndProject
Project("{9A19103F-16F7-4668-BE54-9A1E7A4F7556}") = "RentPrediction.Infrastructure", "RentPrediction.Infrastructure\RentPrediction.Infrastructure.csproj", "{F51C8092-30E0-4C00-85C8-B6F6DACE46C8}"
EndProject
Project("{9A19103F-16F7-4668-BE54-9A1E7A4F7556}") = "RentPrediction.Data", "RentPrediction.Data\RentPrediction.Data.csproj", "{973628DD-AAD6-4414-8D00-90CE8FD5A05D}"
EndProject
Project("{9A19103F-16F7-4668-BE54-9A1E7A4F7556}") = "RentPrediction.Data.Entities", "RentPrediction.Data.Entities\RentPrediction.Data.Entities.csproj", "{AAEAEA79-97AD-4023-AAC5-04E907FD89F3}"
EndProject
Project("{9A19103F-16F7-4668-BE54-9A1E7A4F7556}") = "RentPrediction.Repo", "RentPrediction.Repo\RentPrediction.Repo.csproj", "{A3B899D1-6093-4223-AA55-3F3C906F93BE}"
EndProject
Project("{9A19103F-16F7-4668-BE54-9A1E7A4F7556}") = "RentPrediction.Repo.Contracts", "RentPrediction.Repo.Contracts\RentPrediction.Repo.Contracts.csproj", "{870F8244-72B9-4BBF-987B-AA57000F8B71}"
EndProject
Project("{9A19103F-16F7-4668-BE54-9A1E7A4F7556}") = "RentPrediction.Business", "RentPrediction.Business\RentPrediction.Business.csproj", "{CC1DEBD1-76E1-4990-9EEE-D585AFEBDD24}"
EndProject
Project("{9A19103F-16F7-4668-BE54-9A1E7A4F7556}") = "RentPrediction.Business.Contracts", "RentPrediction.Business.Contracts\RentPrediction.Business.Contracts.csproj", "{FAC7FB6D-24A4-42CF-A7AB-4F2DEA0CE311}"
EndProject
Project("{9A19103F-16F7-4668-BE54-9A1E7A4F7556}") = "RentPrediction.Data.Contracts", "RentPrediction.Data.Contracts\RentPrediction.Data.Contracts.csproj", "{D4A7F34A-BA02-468F-96A9-DDCB2CFB9C87}"
EndProject
Project("{2150E333-8FDC-42A3-9474-1A3956D46DE8}") = "08.BEModels", "08.BEModels", "{2D35DB94-78D3-45C1-BEDE-99570C6B0894}"
EndProject
Project("{9A19103F-16F7-4668-BE54-9A1E7A4F7556}") = "RentPrediction.BEModels", "tesr\RentPrediction.BEModels.csproj", "{4165E969-FCB8-41D5-9E91-9298002D716A}"
EndProject
Project("{9A19103F-16F7-4668-BE54-9A1E7A4F7556}") = "RentPredictionML.Model", "RentPredictionML.Model\RentPredictionML.Model.csproj", "{0978EF98-B616-4192-A157-A99E68FC1179}"
EndProject
Project("{9A19103F-16F7-4668-BE54-9A1E7A4F7556}") = "RentPredictionML.ConsoleApp", "RentPredictionML.ConsoleApp\RentPredictionML.ConsoleApp.csproj", "{DE114D68-12D7-457F-89F6-4F9A7C2EC0A4}"
EndProject
Project("{9A19103F-16F7-4668-BE54-9A1E7A4F7556}") = "RentPrediction.Business.ML", "RentPrediction.Business.ML\RentPrediction.Business.ML.csproj", "{503A4718-7D79-4F0C-B269-2E4CFC17F196}"
EndProject
Global
	GlobalSection(SolutionConfigurationPlatforms) = preSolution
		Debug|Any CPU = Debug|Any CPU
		Release|Any CPU = Release|Any CPU
	EndGlobalSection
	GlobalSection(ProjectConfigurationPlatforms) = postSolution
		{871B9AB5-0F61-4157-A879-EA98C964B6E5}.Debug|Any CPU.ActiveCfg = Debug|Any CPU
		{871B9AB5-0F61-4157-A879-EA98C964B6E5}.Debug|Any CPU.Build.0 = Debug|Any CPU
		{871B9AB5-0F61-4157-A879-EA98C964B6E5}.Release|Any CPU.ActiveCfg = Release|Any CPU
		{871B9AB5-0F61-4157-A879-EA98C964B6E5}.Release|Any CPU.Build.0 = Release|Any CPU
		{F51C8092-30E0-4C00-85C8-B6F6DACE46C8}.Debug|Any CPU.ActiveCfg = Debug|Any CPU
		{F51C8092-30E0-4C00-85C8-B6F6DACE46C8}.Debug|Any CPU.Build.0 = Debug|Any CPU
		{F51C8092-30E0-4C00-85C8-B6F6DACE46C8}.Release|Any CPU.ActiveCfg = Release|Any CPU
		{F51C8092-30E0-4C00-85C8-B6F6DACE46C8}.Release|Any CPU.Build.0 = Release|Any CPU
		{973628DD-AAD6-4414-8D00-90CE8FD5A05D}.Debug|Any CPU.ActiveCfg = Debug|Any CPU
		{973628DD-AAD6-4414-8D00-90CE8FD5A05D}.Debug|Any CPU.Build.0 = Debug|Any CPU
		{973628DD-AAD6-4414-8D00-90CE8FD5A05D}.Release|Any CPU.ActiveCfg = Release|Any CPU
		{973628DD-AAD6-4414-8D00-90CE8FD5A05D}.Release|Any CPU.Build.0 = Release|Any CPU
		{AAEAEA79-97AD-4023-AAC5-04E907FD89F3}.Debug|Any CPU.ActiveCfg = Debug|Any CPU
		{AAEAEA79-97AD-4023-AAC5-04E907FD89F3}.Debug|Any CPU.Build.0 = Debug|Any CPU
		{AAEAEA79-97AD-4023-AAC5-04E907FD89F3}.Release|Any CPU.ActiveCfg = Release|Any CPU
		{AAEAEA79-97AD-4023-AAC5-04E907FD89F3}.Release|Any CPU.Build.0 = Release|Any CPU
		{A3B899D1-6093-4223-AA55-3F3C906F93BE}.Debug|Any CPU.ActiveCfg = Debug|Any CPU
		{A3B899D1-6093-4223-AA55-3F3C906F93BE}.Debug|Any CPU.Build.0 = Debug|Any CPU
		{A3B899D1-6093-4223-AA55-3F3C906F93BE}.Release|Any CPU.ActiveCfg = Release|Any CPU
		{A3B899D1-6093-4223-AA55-3F3C906F93BE}.Release|Any CPU.Build.0 = Release|Any CPU
		{870F8244-72B9-4BBF-987B-AA57000F8B71}.Debug|Any CPU.ActiveCfg = Debug|Any CPU
		{870F8244-72B9-4BBF-987B-AA57000F8B71}.Debug|Any CPU.Build.0 = Debug|Any CPU
		{870F8244-72B9-4BBF-987B-AA57000F8B71}.Release|Any CPU.ActiveCfg = Release|Any CPU
		{870F8244-72B9-4BBF-987B-AA57000F8B71}.Release|Any CPU.Build.0 = Release|Any CPU
		{CC1DEBD1-76E1-4990-9EEE-D585AFEBDD24}.Debug|Any CPU.ActiveCfg = Debug|Any CPU
		{CC1DEBD1-76E1-4990-9EEE-D585AFEBDD24}.Debug|Any CPU.Build.0 = Debug|Any CPU
		{CC1DEBD1-76E1-4990-9EEE-D585AFEBDD24}.Release|Any CPU.ActiveCfg = Release|Any CPU
		{CC1DEBD1-76E1-4990-9EEE-D585AFEBDD24}.Release|Any CPU.Build.0 = Release|Any CPU
		{FAC7FB6D-24A4-42CF-A7AB-4F2DEA0CE311}.Debug|Any CPU.ActiveCfg = Debug|Any CPU
		{FAC7FB6D-24A4-42CF-A7AB-4F2DEA0CE311}.Debug|Any CPU.Build.0 = Debug|Any CPU
		{FAC7FB6D-24A4-42CF-A7AB-4F2DEA0CE311}.Release|Any CPU.ActiveCfg = Release|Any CPU
		{FAC7FB6D-24A4-42CF-A7AB-4F2DEA0CE311}.Release|Any CPU.Build.0 = Release|Any CPU
		{D4A7F34A-BA02-468F-96A9-DDCB2CFB9C87}.Debug|Any CPU.ActiveCfg = Debug|Any CPU
		{D4A7F34A-BA02-468F-96A9-DDCB2CFB9C87}.Debug|Any CPU.Build.0 = Debug|Any CPU
		{D4A7F34A-BA02-468F-96A9-DDCB2CFB9C87}.Release|Any CPU.ActiveCfg = Release|Any CPU
		{D4A7F34A-BA02-468F-96A9-DDCB2CFB9C87}.Release|Any CPU.Build.0 = Release|Any CPU
		{4165E969-FCB8-41D5-9E91-9298002D716A}.Debug|Any CPU.ActiveCfg = Debug|Any CPU
		{4165E969-FCB8-41D5-9E91-9298002D716A}.Debug|Any CPU.Build.0 = Debug|Any CPU
		{4165E969-FCB8-41D5-9E91-9298002D716A}.Release|Any CPU.ActiveCfg = Release|Any CPU
		{4165E969-FCB8-41D5-9E91-9298002D716A}.Release|Any CPU.Build.0 = Release|Any CPU
		{0978EF98-B616-4192-A157-A99E68FC1179}.Debug|Any CPU.ActiveCfg = Debug|Any CPU
		{0978EF98-B616-4192-A157-A99E68FC1179}.Debug|Any CPU.Build.0 = Debug|Any CPU
		{0978EF98-B616-4192-A157-A99E68FC1179}.Release|Any CPU.ActiveCfg = Release|Any CPU
		{0978EF98-B616-4192-A157-A99E68FC1179}.Release|Any CPU.Build.0 = Release|Any CPU
		{DE114D68-12D7-457F-89F6-4F9A7C2EC0A4}.Debug|Any CPU.ActiveCfg = Debug|Any CPU
		{DE114D68-12D7-457F-89F6-4F9A7C2EC0A4}.Debug|Any CPU.Build.0 = Debug|Any CPU
		{DE114D68-12D7-457F-89F6-4F9A7C2EC0A4}.Release|Any CPU.ActiveCfg = Release|Any CPU
		{DE114D68-12D7-457F-89F6-4F9A7C2EC0A4}.Release|Any CPU.Build.0 = Release|Any CPU
		{503A4718-7D79-4F0C-B269-2E4CFC17F196}.Debug|Any CPU.ActiveCfg = Debug|Any CPU
		{503A4718-7D79-4F0C-B269-2E4CFC17F196}.Debug|Any CPU.Build.0 = Debug|Any CPU
		{503A4718-7D79-4F0C-B269-2E4CFC17F196}.Release|Any CPU.ActiveCfg = Release|Any CPU
		{503A4718-7D79-4F0C-B269-2E4CFC17F196}.Release|Any CPU.Build.0 = Release|Any CPU
	EndGlobalSection
	GlobalSection(SolutionProperties) = preSolution
		HideSolutionNode = FALSE
	EndGlobalSection
	GlobalSection(NestedProjects) = preSolution
		{871B9AB5-0F61-4157-A879-EA98C964B6E5} = {6E88F2D0-4491-49CD-BD17-B4DA7F8225AC}
		{F51C8092-30E0-4C00-85C8-B6F6DACE46C8} = {0CFB2DEB-430E-45B0-ACB7-8FF67538B640}
		{973628DD-AAD6-4414-8D00-90CE8FD5A05D} = {16D95157-B15D-4C68-ADD0-35A7ACCF5A50}
		{AAEAEA79-97AD-4023-AAC5-04E907FD89F3} = {16D95157-B15D-4C68-ADD0-35A7ACCF5A50}
		{A3B899D1-6093-4223-AA55-3F3C906F93BE} = {FD9FA88C-0ADE-4D39-91CB-82830FF361B6}
		{870F8244-72B9-4BBF-987B-AA57000F8B71} = {FD9FA88C-0ADE-4D39-91CB-82830FF361B6}
		{CC1DEBD1-76E1-4990-9EEE-D585AFEBDD24} = {AED99085-9F74-4B01-926F-E82BB15CFBA6}
		{FAC7FB6D-24A4-42CF-A7AB-4F2DEA0CE311} = {AED99085-9F74-4B01-926F-E82BB15CFBA6}
		{D4A7F34A-BA02-468F-96A9-DDCB2CFB9C87} = {16D95157-B15D-4C68-ADD0-35A7ACCF5A50}
		{4165E969-FCB8-41D5-9E91-9298002D716A} = {2D35DB94-78D3-45C1-BEDE-99570C6B0894}
		{0978EF98-B616-4192-A157-A99E68FC1179} = {DF6DF365-76B2-4D59-9A42-0B9C3446B871}
		{DE114D68-12D7-457F-89F6-4F9A7C2EC0A4} = {654819F6-C292-4F59-AF6D-307C7AA17D16}
		{503A4718-7D79-4F0C-B269-2E4CFC17F196} = {AED99085-9F74-4B01-926F-E82BB15CFBA6}
	EndGlobalSection
	GlobalSection(ExtensibilityGlobals) = postSolution
		SolutionGuid = {BED00B81-0860-43E7-99B2-FFC74B9AA04B}
	EndGlobalSection
EndGlobal
